
Microsoft Visual Studio Solution File, Format Version 12.00
# Visual Studio Version 17
VisualStudioVersion = 17.4.33110.190
MinimumVisualStudioVersion = 10.0.40219.1
Project("{8BC9CEB8-8B4A-11D0-8D11-00A0C91BC942}") = "linux", "cppp\src\linux\linux.vcxproj", "{5BB94BF1-3292-4B7E-A431-59C9843477F0}"
EndProject
Global
	GlobalSection(SolutionConfigurationPlatforms) = preSolution
		Debug|ARM = Debug|ARM
		Debug|ARM64 = Debug|ARM64
		Debug|x64 = Debug|x64
		Debug|x86 = Debug|x86
		Release|ARM = Release|ARM
		Release|ARM64 = Release|ARM64
		Release|x64 = Release|x64
		Release|x86 = Release|x86
	EndGlobalSection
	GlobalSection(ProjectConfigurationPlatforms) = postSolution
		{5BB94BF1-3292-4B7E-A431-59C9843477F0}.Debug|ARM.ActiveCfg = Debug|ARM
		{5BB94BF1-3292-4B7E-A431-59C9843477F0}.Debug|ARM.Build.0 = Debug|ARM
		{5BB94BF1-3292-4B7E-A431-59C9843477F0}.Debug|ARM.Deploy.0 = Debug|ARM
		{5BB94BF1-3292-4B7E-A431-59C9843477F0}.Debug|ARM64.ActiveCfg = Debug|ARM64
		{5BB94BF1-3292-4B7E-A431-59C9843477F0}.Debug|ARM64.Build.0 = Debug|ARM64
		{5BB94BF1-3292-4B7E-A431-59C9843477F0}.Debug|ARM64.Deploy.0 = Debug|ARM64
		{5BB94BF1-3292-4B7E-A431-59C9843477F0}.Debug|x64.ActiveCfg = Debug|x64
		{5BB94BF1-3292-4B7E-A431-59C9843477F0}.Debug|x64.Build.0 = Debug|x64
		{5BB94BF1-3292-4B7E-A431-59C9843477F0}.Debug|x64.Deploy.0 = Debug|x64
		{5BB94BF1-3292-4B7E-A431-59C9843477F0}.Debug|x86.ActiveCfg = Debug|x86
		{5BB94BF1-3292-4B7E-A431-59C9843477F0}.Debug|x86.Build.0 = Debug|x86
		{5BB94BF1-3292-4B7E-A431-59C9843477F0}.Debug|x86.Deploy.0 = Debug|x86
		{5BB94BF1-3292-4B7E-A431-59C9843477F0}.Release|ARM.ActiveCfg = Release|ARM
		{5BB94BF1-3292-4B7E-A431-59C9843477F0}.Release|ARM.Build.0 = Release|ARM
		{5BB94BF1-3292-4B7E-A431-59C9843477F0}.Release|ARM.Deploy.0 = Release|ARM
		{5BB94BF1-3292-4B7E-A431-59C9843477F0}.Release|ARM64.ActiveCfg = Release|ARM64
		{5BB94BF1-3292-4B7E-A431-59C9843477F0}.Release|ARM64.Build.0 = Release|ARM64
		{5BB94BF1-3292-4B7E-A431-59C9843477F0}.Release|ARM64.Deploy.0 = Release|ARM64
		{5BB94BF1-3292-4B7E-A431-59C9843477F0}.Release|x64.ActiveCfg = Release|x64
		{5BB94BF1-3292-4B7E-A431-59C9843477F0}.Release|x64.Build.0 = Release|x64
		{5BB94BF1-3292-4B7E-A431-59C9843477F0}.Release|x64.Deploy.0 = Release|x64
		{5BB94BF1-3292-4B7E-A431-59C9843477F0}.Release|x86.ActiveCfg = Release|x86
		{5BB94BF1-3292-4B7E-A431-59C9843477F0}.Release|x86.Build.0 = Release|x86
		{5BB94BF1-3292-4B7E-A431-59C9843477F0}.Release|x86.Deploy.0 = Release|x86
	EndGlobalSection
	GlobalSection(SolutionProperties) = preSolution
		HideSolutionNode = FALSE
	EndGlobalSection
	GlobalSection(ExtensibilityGlobals) = postSolution
		SolutionGuid = {363B504A-3897-4BF3-B364-0D76404B750C}
	EndGlobalSection
EndGlobal
