
Microsoft Visual Studio Solution File, Format Version 12.00
# Visual Studio Version 17
VisualStudioVersion = 17.4.33110.190
MinimumVisualStudioVersion = 10.0.40219.1
Project("{8BC9CEB8-8B4A-11D0-8D11-00A0C91BC942}") = "cppp-linux-test", "src\cppp-test-linux.vcxproj", "{7E424822-8F9C-492C-AAAB-C7F536894545}"
EndProject
Global
	GlobalSection(SolutionConfigurationPlatforms) = preSolution
		Debug|ARM = Debug|ARM
		Debug|ARM64 = Debug|ARM64
		Debug|x64 = Debug|x64
		Debug|x86 = Debug|x86
		Release|ARM = Release|ARM
		Release|ARM64 = Release|ARM64
		Release|x64 = Release|x64
		Release|x86 = Release|x86
	EndGlobalSection
	GlobalSection(ProjectConfigurationPlatforms) = postSolution
		{7E424822-8F9C-492C-AAAB-C7F536894545}.Debug|ARM.ActiveCfg = Debug|ARM
		{7E424822-8F9C-492C-AAAB-C7F536894545}.Debug|ARM.Build.0 = Debug|ARM
		{7E424822-8F9C-492C-AAAB-C7F536894545}.Debug|ARM.Deploy.0 = Debug|ARM
		{7E424822-8F9C-492C-AAAB-C7F536894545}.Debug|ARM64.ActiveCfg = Debug|ARM64
		{7E424822-8F9C-492C-AAAB-C7F536894545}.Debug|ARM64.Build.0 = Debug|ARM64
		{7E424822-8F9C-492C-AAAB-C7F536894545}.Debug|ARM64.Deploy.0 = Debug|ARM64
		{7E424822-8F9C-492C-AAAB-C7F536894545}.Debug|x64.ActiveCfg = Debug|x64
		{7E424822-8F9C-492C-AAAB-C7F536894545}.Debug|x64.Build.0 = Debug|x64
		{7E424822-8F9C-492C-AAAB-C7F536894545}.Debug|x64.Deploy.0 = Debug|x64
		{7E424822-8F9C-492C-AAAB-C7F536894545}.Debug|x86.ActiveCfg = Debug|x86
		{7E424822-8F9C-492C-AAAB-C7F536894545}.Debug|x86.Build.0 = Debug|x86
		{7E424822-8F9C-492C-AAAB-C7F536894545}.Debug|x86.Deploy.0 = Debug|x86
		{7E424822-8F9C-492C-AAAB-C7F536894545}.Release|ARM.ActiveCfg = Release|ARM
		{7E424822-8F9C-492C-AAAB-C7F536894545}.Release|ARM.Build.0 = Release|ARM
		{7E424822-8F9C-492C-AAAB-C7F536894545}.Release|ARM.Deploy.0 = Release|ARM
		{7E424822-8F9C-492C-AAAB-C7F536894545}.Release|ARM64.ActiveCfg = Release|ARM64
		{7E424822-8F9C-492C-AAAB-C7F536894545}.Release|ARM64.Build.0 = Release|ARM64
		{7E424822-8F9C-492C-AAAB-C7F536894545}.Release|ARM64.Deploy.0 = Release|ARM64
		{7E424822-8F9C-492C-AAAB-C7F536894545}.Release|x64.ActiveCfg = Release|x64
		{7E424822-8F9C-492C-AAAB-C7F536894545}.Release|x64.Build.0 = Release|x64
		{7E424822-8F9C-492C-AAAB-C7F536894545}.Release|x64.Deploy.0 = Release|x64
		{7E424822-8F9C-492C-AAAB-C7F536894545}.Release|x86.ActiveCfg = Release|x86
		{7E424822-8F9C-492C-AAAB-C7F536894545}.Release|x86.Build.0 = Release|x86
		{7E424822-8F9C-492C-AAAB-C7F536894545}.Release|x86.Deploy.0 = Release|x86
	EndGlobalSection
	GlobalSection(SolutionProperties) = preSolution
		HideSolutionNode = FALSE
	EndGlobalSection
	GlobalSection(ExtensibilityGlobals) = postSolution
		SolutionGuid = {976F2995-9035-4A85-BE15-85D246B7B2BA}
	EndGlobalSection
EndGlobal
